
Microsoft Visual Studio Solution File, Format Version 12.00
# Visual Studio 15
VisualStudioVersion = 15.0.28010.2048
MinimumVisualStudioVersion = 10.0.40219.1
Project("{FAE04EC0-301F-11D3-BF4B-00C04F79EFBC}") = "WpfWatch", "WpfWatch\WpfWatch.csproj", "{1397BBFB-55F1-4DF0-8698-211EA7270650}"
EndProject
Project("{FAE04EC0-301F-11D3-BF4B-00C04F79EFBC}") = "WpfWatchApp", "WpfWatchApp\WpfWatchApp.csproj", "{3F83F4AE-03AD-471D-BD89-F6288C20C0A0}"
EndProject
Global
	GlobalSection(SolutionConfigurationPlatforms) = preSolution
		Debug|Any CPU = Debug|Any CPU
		Release|Any CPU = Release|Any CPU
	EndGlobalSection
	GlobalSection(ProjectConfigurationPlatforms) = postSolution
		{1397BBFB-55F1-4DF0-8698-211EA7270650}.Debug|Any CPU.ActiveCfg = Debug|Any CPU
		{1397BBFB-55F1-4DF0-8698-211EA7270650}.Debug|Any CPU.Build.0 = Debug|Any CPU
		{1397BBFB-55F1-4DF0-8698-211EA7270650}.Release|Any CPU.ActiveCfg = Release|Any CPU
		{1397BBFB-55F1-4DF0-8698-211EA7270650}.Release|Any CPU.Build.0 = Release|Any CPU
		{3F83F4AE-03AD-471D-BD89-F6288C20C0A0}.Debug|Any CPU.ActiveCfg = Debug|Any CPU
		{3F83F4AE-03AD-471D-BD89-F6288C20C0A0}.Debug|Any CPU.Build.0 = Debug|Any CPU
		{3F83F4AE-03AD-471D-BD89-F6288C20C0A0}.Release|Any CPU.ActiveCfg = Release|Any CPU
		{3F83F4AE-03AD-471D-BD89-F6288C20C0A0}.Release|Any CPU.Build.0 = Release|Any CPU
	EndGlobalSection
	GlobalSection(SolutionProperties) = preSolution
		HideSolutionNode = FALSE
	EndGlobalSection
	GlobalSection(ExtensibilityGlobals) = postSolution
		SolutionGuid = {10D508D6-D17C-467D-866E-EE0FD6F68DBA}
	EndGlobalSection
EndGlobal
